{
  "nodes": {
    "fenix": {
      "inputs": {
        "nixpkgs": [
          "nixpkgs"
        ],
        "rust-analyzer-src": "rust-analyzer-src"
      },
      "locked": {
        "lastModified": 1748587207,
        "narHash": "sha256-ireNibZ5B68LplUCEWQ2bxXXOTTGBv5CB5bZdvLu80c=",
        "owner": "nix-community",
        "repo": "fenix",
        "rev": "6fbc8563ec11da26890520ea69b7aabc4548ee04",
        "type": "github"
      },
      "original": {
        "id": "fenix",
        "type": "indirect"
      }
    },
    "flake-utils": {
      "inputs": {
        "systems": "systems"
      },
      "locked": {
        "lastModified": 1731533236,
        "narHash": "sha256-l0KFg5HjrsfsO/JpG+r7fRrqm12kzFHyUHqHCVpMMbI=",
        "owner": "numtide",
        "repo": "flake-utils",
        "rev": "11707dc2f618dd54ca8739b309ec4fc024de578b",
        "type": "github"
      },
      "original": {
        "id": "flake-utils",
        "type": "indirect"
      }
    },
    "nixpkgs": {
      "locked": {
        "lastModified": 1748506378,
        "narHash": "sha256-oS0Gxh63Df8b8r04lqEYDDLKhHIrVr9/JLOn2bn8JaI=",
        "owner": "NixOS",
        "repo": "nixpkgs",
        "rev": "3866ad91cfc172f08a6839def503d8fc2923c603",
        "type": "github"
      },
      "original": {
        "id": "nixpkgs",
        "type": "indirect"
      }
    },
    "root": {
      "inputs": {
        "fenix": "fenix",
        "flake-utils": "flake-utils",
        "nixpkgs": "nixpkgs",
        "wasm-pack-src": "wasm-pack-src"
      }
    },
    "rust-analyzer-src": {
      "flake": false,
      "locked": {
        "lastModified": 1748523972,
        "narHash": "sha256-ZRWF8koebp13bUUWoOylKouL0iuRs8V9rU5D00NL9QU=",
        "owner": "rust-lang",
        "repo": "rust-analyzer",
        "rev": "6feb662a525bf4329157f0474638299c9b85de8c",
        "type": "github"
      },
      "original": {
        "owner": "rust-lang",
        "ref": "nightly",
        "repo": "rust-analyzer",
        "type": "github"
      }
    },
    "systems": {
      "locked": {
        "lastModified": 1681028828,
        "narHash": "sha256-Vy1rq5AaRuLzOxct8nz4T6wlgyUR7zLU309k9mBC768=",
        "owner": "nix-systems",
        "repo": "default",
        "rev": "da67096a3b9bf56a91d16901293e51ba5b49a27e",
        "type": "github"
      },
      "original": {
        "owner": "nix-systems",
        "repo": "default",
        "type": "github"
      }
    },
    "wasm-pack-src": {
      "flake": false,
      "locked": {
        "lastModified": 1748619933,
        "narHash": "sha256-kV+1ajoGpvA8cV8p2SrKFmbNGfjwrjyYyPoVBAzMzCg=",
        "owner": "yaoshiu",
        "repo": "wasm-pack",
        "rev": "7f976f6e1e0ced22d819dbc0a744246a8259055f",
        "type": "github"
      },
      "original": {
        "owner": "yaoshiu",
        "repo": "wasm-pack",
        "type": "github"
      }
    }
  },
  "root": "root",
  "version": 7
}
